// !$*UTF8*$!
{
	archiveVersion = 1;
	classes = {
	};
	objectVersion = 51;
	objects = {

/* Begin PBXBuildFile section */
		400B3E5F265B4A4300E2377B /* ViewReactor.swift in Sources */ = {isa = PBXBuildFile; fileRef = 400B3E5E265B4A4300E2377B /* ViewReactor.swift */; };
		400B3E62265B5E6F00E2377B /* DIContainer.swift in Sources */ = {isa = PBXBuildFile; fileRef = 400B3E61265B5E6F00E2377B /* DIContainer.swift */; };
		405C9D9226579CFA00C33809 /* AppDelegate.swift in Sources */ = {isa = PBXBuildFile; fileRef = 405C9D9126579CFA00C33809 /* AppDelegate.swift */; };
		405C9D9426579CFA00C33809 /* SceneDelegate.swift in Sources */ = {isa = PBXBuildFile; fileRef = 405C9D9326579CFA00C33809 /* SceneDelegate.swift */; };
		405C9D9626579CFA00C33809 /* ViewController.swift in Sources */ = {isa = PBXBuildFile; fileRef = 405C9D9526579CFA00C33809 /* ViewController.swift */; };
		405C9D9B26579CFB00C33809 /* Assets.xcassets in Resources */ = {isa = PBXBuildFile; fileRef = 405C9D9A26579CFB00C33809 /* Assets.xcassets */; };
		405C9D9E26579CFB00C33809 /* LaunchScreen.storyboard in Resources */ = {isa = PBXBuildFile; fileRef = 405C9D9C26579CFB00C33809 /* LaunchScreen.storyboard */; };
		405C9DA926579CFB00C33809 /* SwinjectReactorKitExampleTests.swift in Sources */ = {isa = PBXBuildFile; fileRef = 405C9DA826579CFB00C33809 /* SwinjectReactorKitExampleTests.swift */; };
		405C9DB426579CFB00C33809 /* SwinjectReactorKitExampleUITests.swift in Sources */ = {isa = PBXBuildFile; fileRef = 405C9DB326579CFB00C33809 /* SwinjectReactorKitExampleUITests.swift */; };
		405C9DD42657A1C300C33809 /* NetworkService.swift in Sources */ = {isa = PBXBuildFile; fileRef = 405C9DD32657A1C300C33809 /* NetworkService.swift */; };
		405C9DD62657A1F300C33809 /* SearchService.swift in Sources */ = {isa = PBXBuildFile; fileRef = 405C9DD52657A1F300C33809 /* SearchService.swift */; };
		40961D0726733FCB00E90193 /* NetworkAPI.swift in Sources */ = {isa = PBXBuildFile; fileRef = 40961D0626733FCB00E90193 /* NetworkAPI.swift */; };
		40961D0A267343F800E90193 /* User.swift in Sources */ = {isa = PBXBuildFile; fileRef = 40961D09267343F800E90193 /* User.swift */; };
		442755C8083629242D5CD233 /* Pods_SwinjectReactorKitExample_SwinjectReactorKitExampleUITests.framework in Frameworks */ = {isa = PBXBuildFile; fileRef = FB533760722B25B1C5FAB63D /* Pods_SwinjectReactorKitExample_SwinjectReactorKitExampleUITests.framework */; };
		4DF17FC3D0E97E996DD412E8 /* Pods_SwinjectReactorKitExample.framework in Frameworks */ = {isa = PBXBuildFile; fileRef = DB97D9A7117DF06B1E4E8846 /* Pods_SwinjectReactorKitExample.framework */; };
		8B7388F7B7A3919E28F190F4 /* Pods_SwinjectReactorKitExampleTests.framework in Frameworks */ = {isa = PBXBuildFile; fileRef = 10E66A81AE6C7E18DB1A44B5 /* Pods_SwinjectReactorKitExampleTests.framework */; };
/* End PBXBuildFile section */

/* Begin PBXContainerItemProxy section */
		405C9DA526579CFB00C33809 /* PBXContainerItemProxy */ = {
			isa = PBXContainerItemProxy;
			containerPortal = 405C9D8626579CFA00C33809 /* Project object */;
			proxyType = 1;
			remoteGlobalIDString = 405C9D8D26579CFA00C33809;
			remoteInfo = SwinjectReactorKitExample;
		};
		405C9DB026579CFB00C33809 /* PBXContainerItemProxy */ = {
			isa = PBXContainerItemProxy;
			containerPortal = 405C9D8626579CFA00C33809 /* Project object */;
			proxyType = 1;
			remoteGlobalIDString = 405C9D8D26579CFA00C33809;
			remoteInfo = SwinjectReactorKitExample;
		};
/* End PBXContainerItemProxy section */

/* Begin PBXFileReference section */
		0183C99096282D8C5194C691 /* Pods-SwinjectReactorKitExample.release.xcconfig */ = {isa = PBXFileReference; includeInIndex = 1; lastKnownFileType = text.xcconfig; name = "Pods-SwinjectReactorKitExample.release.xcconfig"; path = "Target Support Files/Pods-SwinjectReactorKitExample/Pods-SwinjectReactorKitExample.release.xcconfig"; sourceTree = "<group>"; };
		032743274D40F1F903C6E719 /* Pods-SwinjectReactorKitExample-SwinjectReactorKitExampleUITests.release.xcconfig */ = {isa = PBXFileReference; includeInIndex = 1; lastKnownFileType = text.xcconfig; name = "Pods-SwinjectReactorKitExample-SwinjectReactorKitExampleUITests.release.xcconfig"; path = "Target Support Files/Pods-SwinjectReactorKitExample-SwinjectReactorKitExampleUITests/Pods-SwinjectReactorKitExample-SwinjectReactorKitExampleUITests.release.xcconfig"; sourceTree = "<group>"; };
		10E66A81AE6C7E18DB1A44B5 /* Pods_SwinjectReactorKitExampleTests.framework */ = {isa = PBXFileReference; explicitFileType = wrapper.framework; includeInIndex = 0; path = Pods_SwinjectReactorKitExampleTests.framework; sourceTree = BUILT_PRODUCTS_DIR; };
		22A27F57CEDCD078A2D08E1F /* Pods-SwinjectReactorKitExampleTests.debug.xcconfig */ = {isa = PBXFileReference; includeInIndex = 1; lastKnownFileType = text.xcconfig; name = "Pods-SwinjectReactorKitExampleTests.debug.xcconfig"; path = "Target Support Files/Pods-SwinjectReactorKitExampleTests/Pods-SwinjectReactorKitExampleTests.debug.xcconfig"; sourceTree = "<group>"; };
		3040F9A331C9E614DF159B49 /* Pods-SwinjectReactorKitExample.debug.xcconfig */ = {isa = PBXFileReference; includeInIndex = 1; lastKnownFileType = text.xcconfig; name = "Pods-SwinjectReactorKitExample.debug.xcconfig"; path = "Target Support Files/Pods-SwinjectReactorKitExample/Pods-SwinjectReactorKitExample.debug.xcconfig"; sourceTree = "<group>"; };
		400B3E5E265B4A4300E2377B /* ViewReactor.swift */ = {isa = PBXFileReference; lastKnownFileType = sourcecode.swift; path = ViewReactor.swift; sourceTree = "<group>"; };
		400B3E61265B5E6F00E2377B /* DIContainer.swift */ = {isa = PBXFileReference; lastKnownFileType = sourcecode.swift; path = DIContainer.swift; sourceTree = "<group>"; };
		405C9D8E26579CFA00C33809 /* SwinjectReactorKitExample.app */ = {isa = PBXFileReference; explicitFileType = wrapper.application; includeInIndex = 0; path = SwinjectReactorKitExample.app; sourceTree = BUILT_PRODUCTS_DIR; };
		405C9D9126579CFA00C33809 /* AppDelegate.swift */ = {isa = PBXFileReference; lastKnownFileType = sourcecode.swift; path = AppDelegate.swift; sourceTree = "<group>"; };
		405C9D9326579CFA00C33809 /* SceneDelegate.swift */ = {isa = PBXFileReference; lastKnownFileType = sourcecode.swift; path = SceneDelegate.swift; sourceTree = "<group>"; };
		405C9D9526579CFA00C33809 /* ViewController.swift */ = {isa = PBXFileReference; lastKnownFileType = sourcecode.swift; path = ViewController.swift; sourceTree = "<group>"; };
		405C9D9A26579CFB00C33809 /* Assets.xcassets */ = {isa = PBXFileReference; lastKnownFileType = folder.assetcatalog; path = Assets.xcassets; sourceTree = "<group>"; };
		405C9D9D26579CFB00C33809 /* Base */ = {isa = PBXFileReference; lastKnownFileType = file.storyboard; name = Base; path = Base.lproj/LaunchScreen.storyboard; sourceTree = "<group>"; };
		405C9D9F26579CFB00C33809 /* Info.plist */ = {isa = PBXFileReference; lastKnownFileType = text.plist.xml; path = Info.plist; sourceTree = "<group>"; };
		405C9DA426579CFB00C33809 /* SwinjectReactorKitExampleTests.xctest */ = {isa = PBXFileReference; explicitFileType = wrapper.cfbundle; includeInIndex = 0; path = SwinjectReactorKitExampleTests.xctest; sourceTree = BUILT_PRODUCTS_DIR; };
		405C9DA826579CFB00C33809 /* SwinjectReactorKitExampleTests.swift */ = {isa = PBXFileReference; lastKnownFileType = sourcecode.swift; path = SwinjectReactorKitExampleTests.swift; sourceTree = "<group>"; };
		405C9DAA26579CFB00C33809 /* Info.plist */ = {isa = PBXFileReference; lastKnownFileType = text.plist.xml; path = Info.plist; sourceTree = "<group>"; };
		405C9DAF26579CFB00C33809 /* SwinjectReactorKitExampleUITests.xctest */ = {isa = PBXFileReference; explicitFileType = wrapper.cfbundle; includeInIndex = 0; path = SwinjectReactorKitExampleUITests.xctest; sourceTree = BUILT_PRODUCTS_DIR; };
		405C9DB326579CFB00C33809 /* SwinjectReactorKitExampleUITests.swift */ = {isa = PBXFileReference; lastKnownFileType = sourcecode.swift; path = SwinjectReactorKitExampleUITests.swift; sourceTree = "<group>"; };
		405C9DB526579CFB00C33809 /* Info.plist */ = {isa = PBXFileReference; lastKnownFileType = text.plist.xml; path = Info.plist; sourceTree = "<group>"; };
		405C9DD32657A1C300C33809 /* NetworkService.swift */ = {isa = PBXFileReference; lastKnownFileType = sourcecode.swift; path = NetworkService.swift; sourceTree = "<group>"; };
		405C9DD52657A1F300C33809 /* SearchService.swift */ = {isa = PBXFileReference; lastKnownFileType = sourcecode.swift; path = SearchService.swift; sourceTree = "<group>"; };
		40961D0626733FCB00E90193 /* NetworkAPI.swift */ = {isa = PBXFileReference; lastKnownFileType = sourcecode.swift; path = NetworkAPI.swift; sourceTree = "<group>"; };
		40961D09267343F800E90193 /* User.swift */ = {isa = PBXFileReference; lastKnownFileType = sourcecode.swift; path = User.swift; sourceTree = "<group>"; };
		5D4C3BDE8DCED8D44BC70862 /* Pods-SwinjectReactorKitExample-SwinjectReactorKitExampleUITests.debug.xcconfig */ = {isa = PBXFileReference; includeInIndex = 1; lastKnownFileType = text.xcconfig; name = "Pods-SwinjectReactorKitExample-SwinjectReactorKitExampleUITests.debug.xcconfig"; path = "Target Support Files/Pods-SwinjectReactorKitExample-SwinjectReactorKitExampleUITests/Pods-SwinjectReactorKitExample-SwinjectReactorKitExampleUITests.debug.xcconfig"; sourceTree = "<group>"; };
		A4ED93C563C3F5F6B76C65B6 /* Pods-SwinjectReactorKitExampleTests.release.xcconfig */ = {isa = PBXFileReference; includeInIndex = 1; lastKnownFileType = text.xcconfig; name = "Pods-SwinjectReactorKitExampleTests.release.xcconfig"; path = "Target Support Files/Pods-SwinjectReactorKitExampleTests/Pods-SwinjectReactorKitExampleTests.release.xcconfig"; sourceTree = "<group>"; };
		DB97D9A7117DF06B1E4E8846 /* Pods_SwinjectReactorKitExample.framework */ = {isa = PBXFileReference; explicitFileType = wrapper.framework; includeInIndex = 0; path = Pods_SwinjectReactorKitExample.framework; sourceTree = BUILT_PRODUCTS_DIR; };
		FB533760722B25B1C5FAB63D /* Pods_SwinjectReactorKitExample_SwinjectReactorKitExampleUITests.framework */ = {isa = PBXFileReference; explicitFileType = wrapper.framework; includeInIndex = 0; path = Pods_SwinjectReactorKitExample_SwinjectReactorKitExampleUITests.framework; sourceTree = BUILT_PRODUCTS_DIR; };
/* End PBXFileReference section */

/* Begin PBXFrameworksBuildPhase section */
		405C9D8B26579CFA00C33809 /* Frameworks */ = {
			isa = PBXFrameworksBuildPhase;
			buildActionMask = 2147483647;
			files = (
				4DF17FC3D0E97E996DD412E8 /* Pods_SwinjectReactorKitExample.framework in Frameworks */,
			);
			runOnlyForDeploymentPostprocessing = 0;
		};
		405C9DA126579CFB00C33809 /* Frameworks */ = {
			isa = PBXFrameworksBuildPhase;
			buildActionMask = 2147483647;
			files = (
				8B7388F7B7A3919E28F190F4 /* Pods_SwinjectReactorKitExampleTests.framework in Frameworks */,
			);
			runOnlyForDeploymentPostprocessing = 0;
		};
		405C9DAC26579CFB00C33809 /* Frameworks */ = {
			isa = PBXFrameworksBuildPhase;
			buildActionMask = 2147483647;
			files = (
				442755C8083629242D5CD233 /* Pods_SwinjectReactorKitExample_SwinjectReactorKitExampleUITests.framework in Frameworks */,
			);
			runOnlyForDeploymentPostprocessing = 0;
		};
/* End PBXFrameworksBuildPhase section */

/* Begin PBXGroup section */
		400B3E60265B5E5800E2377B /* DI */ = {
			isa = PBXGroup;
			children = (
				400B3E61265B5E6F00E2377B /* DIContainer.swift */,
			);
			path = DI;
			sourceTree = "<group>";
		};
		401463A3497A8DCC7EF0F1DB /* Frameworks */ = {
			isa = PBXGroup;
			children = (
				DB97D9A7117DF06B1E4E8846 /* Pods_SwinjectReactorKitExample.framework */,
				FB533760722B25B1C5FAB63D /* Pods_SwinjectReactorKitExample_SwinjectReactorKitExampleUITests.framework */,
				10E66A81AE6C7E18DB1A44B5 /* Pods_SwinjectReactorKitExampleTests.framework */,
			);
			name = Frameworks;
			sourceTree = "<group>";
		};
		405C9D8526579CFA00C33809 = {
			isa = PBXGroup;
			children = (
				405C9D9026579CFA00C33809 /* SwinjectReactorKitExample */,
				405C9DA726579CFB00C33809 /* SwinjectReactorKitExampleTests */,
				405C9DB226579CFB00C33809 /* SwinjectReactorKitExampleUITests */,
				405C9D8F26579CFA00C33809 /* Products */,
				566CBACC59D3813C28F09A1F /* Pods */,
				401463A3497A8DCC7EF0F1DB /* Frameworks */,
			);
			sourceTree = "<group>";
		};
		405C9D8F26579CFA00C33809 /* Products */ = {
			isa = PBXGroup;
			children = (
				405C9D8E26579CFA00C33809 /* SwinjectReactorKitExample.app */,
				405C9DA426579CFB00C33809 /* SwinjectReactorKitExampleTests.xctest */,
				405C9DAF26579CFB00C33809 /* SwinjectReactorKitExampleUITests.xctest */,
			);
			name = Products;
			sourceTree = "<group>";
		};
		405C9D9026579CFA00C33809 /* SwinjectReactorKitExample */ = {
			isa = PBXGroup;
			children = (
				405C9DCD26579F0000C33809 /* Sources */,
				405C9DCE26579F0800C33809 /* Resources */,
				405C9DCF26579F0D00C33809 /* Supporting */,
			);
			path = SwinjectReactorKitExample;
			sourceTree = "<group>";
		};
		405C9DA726579CFB00C33809 /* SwinjectReactorKitExampleTests */ = {
			isa = PBXGroup;
			children = (
				405C9DA826579CFB00C33809 /* SwinjectReactorKitExampleTests.swift */,
				405C9DAA26579CFB00C33809 /* Info.plist */,
			);
			path = SwinjectReactorKitExampleTests;
			sourceTree = "<group>";
		};
		405C9DB226579CFB00C33809 /* SwinjectReactorKitExampleUITests */ = {
			isa = PBXGroup;
			children = (
				405C9DB326579CFB00C33809 /* SwinjectReactorKitExampleUITests.swift */,
				405C9DB526579CFB00C33809 /* Info.plist */,
			);
			path = SwinjectReactorKitExampleUITests;
			sourceTree = "<group>";
		};
		405C9DCD26579F0000C33809 /* Sources */ = {
			isa = PBXGroup;
			children = (
				40961D0526733FB600E90193 /* Network */,
				405C9DD026579F3C00C33809 /* Application */,
				405C9DD226579F5300C33809 /* Service */,
				400B3E60265B5E5800E2377B /* DI */,
				405C9DD126579F4B00C33809 /* PresentationLayer */,
			);
			path = Sources;
			sourceTree = "<group>";
		};
		405C9DCE26579F0800C33809 /* Resources */ = {
			isa = PBXGroup;
			children = (
				405C9D9A26579CFB00C33809 /* Assets.xcassets */,
				405C9D9C26579CFB00C33809 /* LaunchScreen.storyboard */,
			);
			path = Resources;
			sourceTree = "<group>";
		};
		405C9DCF26579F0D00C33809 /* Supporting */ = {
			isa = PBXGroup;
			children = (
				405C9D9F26579CFB00C33809 /* Info.plist */,
			);
			path = Supporting;
			sourceTree = "<group>";
		};
		405C9DD026579F3C00C33809 /* Application */ = {
			isa = PBXGroup;
			children = (
				405C9D9126579CFA00C33809 /* AppDelegate.swift */,
				405C9D9326579CFA00C33809 /* SceneDelegate.swift */,
			);
			path = Application;
			sourceTree = "<group>";
		};
		405C9DD126579F4B00C33809 /* PresentationLayer */ = {
			isa = PBXGroup;
			children = (
				405C9D9526579CFA00C33809 /* ViewController.swift */,
				400B3E5E265B4A4300E2377B /* ViewReactor.swift */,
			);
			path = PresentationLayer;
			sourceTree = "<group>";
		};
		405C9DD226579F5300C33809 /* Service */ = {
			isa = PBXGroup;
			children = (
				405C9DD52657A1F300C33809 /* SearchService.swift */,
			);
			path = Service;
			sourceTree = "<group>";
		};
		40961D0526733FB600E90193 /* Network */ = {
			isa = PBXGroup;
			children = (
				40961D08267343F000E90193 /* Model */,
				405C9DD32657A1C300C33809 /* NetworkService.swift */,
				40961D0626733FCB00E90193 /* NetworkAPI.swift */,
			);
			path = Network;
			sourceTree = "<group>";
		};
		40961D08267343F000E90193 /* Model */ = {
			isa = PBXGroup;
			children = (
				40961D09267343F800E90193 /* User.swift */,
			);
			path = Model;
			sourceTree = "<group>";
		};
		566CBACC59D3813C28F09A1F /* Pods */ = {
			isa = PBXGroup;
			children = (
				3040F9A331C9E614DF159B49 /* Pods-SwinjectReactorKitExample.debug.xcconfig */,
				0183C99096282D8C5194C691 /* Pods-SwinjectReactorKitExample.release.xcconfig */,
				5D4C3BDE8DCED8D44BC70862 /* Pods-SwinjectReactorKitExample-SwinjectReactorKitExampleUITests.debug.xcconfig */,
				032743274D40F1F903C6E719 /* Pods-SwinjectReactorKitExample-SwinjectReactorKitExampleUITests.release.xcconfig */,
				22A27F57CEDCD078A2D08E1F /* Pods-SwinjectReactorKitExampleTests.debug.xcconfig */,
				A4ED93C563C3F5F6B76C65B6 /* Pods-SwinjectReactorKitExampleTests.release.xcconfig */,
			);
			path = Pods;
			sourceTree = "<group>";
		};
/* End PBXGroup section */

/* Begin PBXNativeTarget section */
		405C9D8D26579CFA00C33809 /* SwinjectReactorKitExample */ = {
			isa = PBXNativeTarget;
			buildConfigurationList = 405C9DB826579CFB00C33809 /* Build configuration list for PBXNativeTarget "SwinjectReactorKitExample" */;
			buildPhases = (
				26CFBF9A0D051FEA97A03B70 /* [CP] Check Pods Manifest.lock */,
				405C9D8A26579CFA00C33809 /* Sources */,
				405C9D8B26579CFA00C33809 /* Frameworks */,
				405C9D8C26579CFA00C33809 /* Resources */,
				C677D22351257520882BF39B /* [CP] Embed Pods Frameworks */,
			);
			buildRules = (
			);
			dependencies = (
			);
			name = SwinjectReactorKitExample;
			productName = SwinjectReactorKitExample;
			productReference = 405C9D8E26579CFA00C33809 /* SwinjectReactorKitExample.app */;
			productType = "com.apple.product-type.application";
		};
		405C9DA326579CFB00C33809 /* SwinjectReactorKitExampleTests */ = {
			isa = PBXNativeTarget;
			buildConfigurationList = 405C9DBB26579CFB00C33809 /* Build configuration list for PBXNativeTarget "SwinjectReactorKitExampleTests" */;
			buildPhases = (
				528F5A3543F41F5495113C1D /* [CP] Check Pods Manifest.lock */,
				405C9DA026579CFB00C33809 /* Sources */,
				405C9DA126579CFB00C33809 /* Frameworks */,
				405C9DA226579CFB00C33809 /* Resources */,
			);
			buildRules = (
			);
			dependencies = (
				405C9DA626579CFB00C33809 /* PBXTargetDependency */,
			);
			name = SwinjectReactorKitExampleTests;
			productName = SwinjectReactorKitExampleTests;
			productReference = 405C9DA426579CFB00C33809 /* SwinjectReactorKitExampleTests.xctest */;
			productType = "com.apple.product-type.bundle.unit-test";
		};
		405C9DAE26579CFB00C33809 /* SwinjectReactorKitExampleUITests */ = {
			isa = PBXNativeTarget;
			buildConfigurationList = 405C9DBE26579CFB00C33809 /* Build configuration list for PBXNativeTarget "SwinjectReactorKitExampleUITests" */;
			buildPhases = (
				5A1201F89570CB38EF8F09D2 /* [CP] Check Pods Manifest.lock */,
				405C9DAB26579CFB00C33809 /* Sources */,
				405C9DAC26579CFB00C33809 /* Frameworks */,
				405C9DAD26579CFB00C33809 /* Resources */,
				285F66380BA11A9A130241ED /* [CP] Embed Pods Frameworks */,
			);
			buildRules = (
			);
			dependencies = (
				405C9DB126579CFB00C33809 /* PBXTargetDependency */,
			);
			name = SwinjectReactorKitExampleUITests;
			productName = SwinjectReactorKitExampleUITests;
			productReference = 405C9DAF26579CFB00C33809 /* SwinjectReactorKitExampleUITests.xctest */;
			productType = "com.apple.product-type.bundle.ui-testing";
		};
/* End PBXNativeTarget section */

/* Begin PBXProject section */
		405C9D8626579CFA00C33809 /* Project object */ = {
			isa = PBXProject;
			attributes = {
				LastSwiftUpdateCheck = 1250;
				LastUpgradeCheck = 1250;
				TargetAttributes = {
					405C9D8D26579CFA00C33809 = {
						CreatedOnToolsVersion = 12.5;
					};
					405C9DA326579CFB00C33809 = {
						CreatedOnToolsVersion = 12.5;
						TestTargetID = 405C9D8D26579CFA00C33809;
					};
					405C9DAE26579CFB00C33809 = {
						CreatedOnToolsVersion = 12.5;
						TestTargetID = 405C9D8D26579CFA00C33809;
					};
				};
			};
			buildConfigurationList = 405C9D8926579CFA00C33809 /* Build configuration list for PBXProject "SwinjectReactorKitExample" */;
			compatibilityVersion = "Xcode 9.3";
			developmentRegion = en;
			hasScannedForEncodings = 0;
			knownRegions = (
				en,
				Base,
			);
			mainGroup = 405C9D8526579CFA00C33809;
			productRefGroup = 405C9D8F26579CFA00C33809 /* Products */;
			projectDirPath = "";
			projectRoot = "";
			targets = (
				405C9D8D26579CFA00C33809 /* SwinjectReactorKitExample */,
				405C9DA326579CFB00C33809 /* SwinjectReactorKitExampleTests */,
				405C9DAE26579CFB00C33809 /* SwinjectReactorKitExampleUITests */,
			);
		};
/* End PBXProject section */

/* Begin PBXResourcesBuildPhase section */
		405C9D8C26579CFA00C33809 /* Resources */ = {
			isa = PBXResourcesBuildPhase;
			buildActionMask = 2147483647;
			files = (
				405C9D9E26579CFB00C33809 /* LaunchScreen.storyboard in Resources */,
				405C9D9B26579CFB00C33809 /* Assets.xcassets in Resources */,
			);
			runOnlyForDeploymentPostprocessing = 0;
		};
		405C9DA226579CFB00C33809 /* Resources */ = {
			isa = PBXResourcesBuildPhase;
			buildActionMask = 2147483647;
			files = (
			);
			runOnlyForDeploymentPostprocessing = 0;
		};
		405C9DAD26579CFB00C33809 /* Resources */ = {
			isa = PBXResourcesBuildPhase;
			buildActionMask = 2147483647;
			files = (
			);
			runOnlyForDeploymentPostprocessing = 0;
		};
/* End PBXResourcesBuildPhase section */

/* Begin PBXShellScriptBuildPhase section */
		26CFBF9A0D051FEA97A03B70 /* [CP] Check Pods Manifest.lock */ = {
			isa = PBXShellScriptBuildPhase;
			buildActionMask = 2147483647;
			files = (
			);
			inputFileListPaths = (
			);
			inputPaths = (
				"${PODS_PODFILE_DIR_PATH}/Podfile.lock",
				"${PODS_ROOT}/Manifest.lock",
			);
			name = "[CP] Check Pods Manifest.lock";
			outputFileListPaths = (
			);
			outputPaths = (
				"$(DERIVED_FILE_DIR)/Pods-SwinjectReactorKitExample-checkManifestLockResult.txt",
			);
			runOnlyForDeploymentPostprocessing = 0;
			shellPath = /bin/sh;
			shellScript = "diff \"${PODS_PODFILE_DIR_PATH}/Podfile.lock\" \"${PODS_ROOT}/Manifest.lock\" > /dev/null\nif [ $? != 0 ] ; then\n    # print error to STDERR\n    echo \"error: The sandbox is not in sync with the Podfile.lock. Run 'pod install' or update your CocoaPods installation.\" >&2\n    exit 1\nfi\n# This output is used by Xcode 'outputs' to avoid re-running this script phase.\necho \"SUCCESS\" > \"${SCRIPT_OUTPUT_FILE_0}\"\n";
			showEnvVarsInLog = 0;
		};
		285F66380BA11A9A130241ED /* [CP] Embed Pods Frameworks */ = {
			isa = PBXShellScriptBuildPhase;
			buildActionMask = 2147483647;
			files = (
			);
			inputFileListPaths = (
				"${PODS_ROOT}/Target Support Files/Pods-SwinjectReactorKitExample-SwinjectReactorKitExampleUITests/Pods-SwinjectReactorKitExample-SwinjectReactorKitExampleUITests-frameworks-${CONFIGURATION}-input-files.xcfilelist",
			);
			name = "[CP] Embed Pods Frameworks";
			outputFileListPaths = (
				"${PODS_ROOT}/Target Support Files/Pods-SwinjectReactorKitExample-SwinjectReactorKitExampleUITests/Pods-SwinjectReactorKitExample-SwinjectReactorKitExampleUITests-frameworks-${CONFIGURATION}-output-files.xcfilelist",
			);
			runOnlyForDeploymentPostprocessing = 0;
			shellPath = /bin/sh;
			shellScript = "\"${PODS_ROOT}/Target Support Files/Pods-SwinjectReactorKitExample-SwinjectReactorKitExampleUITests/Pods-SwinjectReactorKitExample-SwinjectReactorKitExampleUITests-frameworks.sh\"\n";
			showEnvVarsInLog = 0;
		};
		528F5A3543F41F5495113C1D /* [CP] Check Pods Manifest.lock */ = {
			isa = PBXShellScriptBuildPhase;
			buildActionMask = 2147483647;
			files = (
			);
			inputFileListPaths = (
			);
			inputPaths = (
				"${PODS_PODFILE_DIR_PATH}/Podfile.lock",
				"${PODS_ROOT}/Manifest.lock",
			);
			name = "[CP] Check Pods Manifest.lock";
			outputFileListPaths = (
			);
			outputPaths = (
				"$(DERIVED_FILE_DIR)/Pods-SwinjectReactorKitExampleTests-checkManifestLockResult.txt",
			);
			runOnlyForDeploymentPostprocessing = 0;
			shellPath = /bin/sh;
			shellScript = "diff \"${PODS_PODFILE_DIR_PATH}/Podfile.lock\" \"${PODS_ROOT}/Manifest.lock\" > /dev/null\nif [ $? != 0 ] ; then\n    # print error to STDERR\n    echo \"error: The sandbox is not in sync with the Podfile.lock. Run 'pod install' or update your CocoaPods installation.\" >&2\n    exit 1\nfi\n# This output is used by Xcode 'outputs' to avoid re-running this script phase.\necho \"SUCCESS\" > \"${SCRIPT_OUTPUT_FILE_0}\"\n";
			showEnvVarsInLog = 0;
		};
		5A1201F89570CB38EF8F09D2 /* [CP] Check Pods Manifest.lock */ = {
			isa = PBXShellScriptBuildPhase;
			buildActionMask = 2147483647;
			files = (
			);
			inputFileListPaths = (
			);
			inputPaths = (
				"${PODS_PODFILE_DIR_PATH}/Podfile.lock",
				"${PODS_ROOT}/Manifest.lock",
			);
			name = "[CP] Check Pods Manifest.lock";
			outputFileListPaths = (
			);
			outputPaths = (
				"$(DERIVED_FILE_DIR)/Pods-SwinjectReactorKitExample-SwinjectReactorKitExampleUITests-checkManifestLockResult.txt",
			);
			runOnlyForDeploymentPostprocessing = 0;
			shellPath = /bin/sh;
			shellScript = "diff \"${PODS_PODFILE_DIR_PATH}/Podfile.lock\" \"${PODS_ROOT}/Manifest.lock\" > /dev/null\nif [ $? != 0 ] ; then\n    # print error to STDERR\n    echo \"error: The sandbox is not in sync with the Podfile.lock. Run 'pod install' or update your CocoaPods installation.\" >&2\n    exit 1\nfi\n# This output is used by Xcode 'outputs' to avoid re-running this script phase.\necho \"SUCCESS\" > \"${SCRIPT_OUTPUT_FILE_0}\"\n";
			showEnvVarsInLog = 0;
		};
		C677D22351257520882BF39B /* [CP] Embed Pods Frameworks */ = {
			isa = PBXShellScriptBuildPhase;
			buildActionMask = 2147483647;
			files = (
			);
			inputFileListPaths = (
				"${PODS_ROOT}/Target Support Files/Pods-SwinjectReactorKitExample/Pods-SwinjectReactorKitExample-frameworks-${CONFIGURATION}-input-files.xcfilelist",
			);
			name = "[CP] Embed Pods Frameworks";
			outputFileListPaths = (
				"${PODS_ROOT}/Target Support Files/Pods-SwinjectReactorKitExample/Pods-SwinjectReactorKitExample-frameworks-${CONFIGURATION}-output-files.xcfilelist",
			);
			runOnlyForDeploymentPostprocessing = 0;
			shellPath = /bin/sh;
			shellScript = "\"${PODS_ROOT}/Target Support Files/Pods-SwinjectReactorKitExample/Pods-SwinjectReactorKitExample-frameworks.sh\"\n";
			showEnvVarsInLog = 0;
		};
/* End PBXShellScriptBuildPhase section */

/* Begin PBXSourcesBuildPhase section */
		405C9D8A26579CFA00C33809 /* Sources */ = {
			isa = PBXSourcesBuildPhase;
			buildActionMask = 2147483647;
			files = (
				400B3E62265B5E6F00E2377B /* DIContainer.swift in Sources */,
				405C9D9626579CFA00C33809 /* ViewController.swift in Sources */,
				400B3E5F265B4A4300E2377B /* ViewReactor.swift in Sources */,
				405C9DD42657A1C300C33809 /* NetworkService.swift in Sources */,
				405C9D9226579CFA00C33809 /* AppDelegate.swift in Sources */,
				40961D0A267343F800E90193 /* User.swift in Sources */,
				405C9DD62657A1F300C33809 /* SearchService.swift in Sources */,
				405C9D9426579CFA00C33809 /* SceneDelegate.swift in Sources */,
				40961D0726733FCB00E90193 /* NetworkAPI.swift in Sources */,
			);
			runOnlyForDeploymentPostprocessing = 0;
		};
		405C9DA026579CFB00C33809 /* Sources */ = {
			isa = PBXSourcesBuildPhase;
			buildActionMask = 2147483647;
			files = (
				405C9DA926579CFB00C33809 /* SwinjectReactorKitExampleTests.swift in Sources */,
			);
			runOnlyForDeploymentPostprocessing = 0;
		};
		405C9DAB26579CFB00C33809 /* Sources */ = {
			isa = PBXSourcesBuildPhase;
			buildActionMask = 2147483647;
			files = (
				405C9DB426579CFB00C33809 /* SwinjectReactorKitExampleUITests.swift in Sources */,
			);
			runOnlyForDeploymentPostprocessing = 0;
		};
/* End PBXSourcesBuildPhase section */

/* Begin PBXTargetDependency section */
		405C9DA626579CFB00C33809 /* PBXTargetDependency */ = {
			isa = PBXTargetDependency;
			target = 405C9D8D26579CFA00C33809 /* SwinjectReactorKitExample */;
			targetProxy = 405C9DA526579CFB00C33809 /* PBXContainerItemProxy */;
		};
		405C9DB126579CFB00C33809 /* PBXTargetDependency */ = {
			isa = PBXTargetDependency;
			target = 405C9D8D26579CFA00C33809 /* SwinjectReactorKitExample */;
			targetProxy = 405C9DB026579CFB00C33809 /* PBXContainerItemProxy */;
		};
/* End PBXTargetDependency section */

/* Begin PBXVariantGroup section */
		405C9D9C26579CFB00C33809 /* LaunchScreen.storyboard */ = {
			isa = PBXVariantGroup;
			children = (
				405C9D9D26579CFB00C33809 /* Base */,
			);
			name = LaunchScreen.storyboard;
			sourceTree = "<group>";
		};
/* End PBXVariantGroup section */

/* Begin XCBuildConfiguration section */
		405C9DB626579CFB00C33809 /* Debug */ = {
			isa = XCBuildConfiguration;
			buildSettings = {
				ALWAYS_SEARCH_USER_PATHS = NO;
				CLANG_ANALYZER_NONNULL = YES;
				CLANG_ANALYZER_NUMBER_OBJECT_CONVERSION = YES_AGGRESSIVE;
				CLANG_CXX_LANGUAGE_STANDARD = "gnu++14";
				CLANG_CXX_LIBRARY = "libc++";
				CLANG_ENABLE_MODULES = YES;
				CLANG_ENABLE_OBJC_ARC = YES;
				CLANG_ENABLE_OBJC_WEAK = YES;
				CLANG_WARN_BLOCK_CAPTURE_AUTORELEASING = YES;
				CLANG_WARN_BOOL_CONVERSION = YES;
				CLANG_WARN_COMMA = YES;
				CLANG_WARN_CONSTANT_CONVERSION = YES;
				CLANG_WARN_DEPRECATED_OBJC_IMPLEMENTATIONS = YES;
				CLANG_WARN_DIRECT_OBJC_ISA_USAGE = YES_ERROR;
				CLANG_WARN_DOCUMENTATION_COMMENTS = YES;
				CLANG_WARN_EMPTY_BODY = YES;
				CLANG_WARN_ENUM_CONVERSION = YES;
				CLANG_WARN_INFINITE_RECURSION = YES;
				CLANG_WARN_INT_CONVERSION = YES;
				CLANG_WARN_NON_LITERAL_NULL_CONVERSION = YES;
				CLANG_WARN_OBJC_IMPLICIT_RETAIN_SELF = YES;
				CLANG_WARN_OBJC_LITERAL_CONVERSION = YES;
				CLANG_WARN_OBJC_ROOT_CLASS = YES_ERROR;
				CLANG_WARN_QUOTED_INCLUDE_IN_FRAMEWORK_HEADER = YES;
				CLANG_WARN_RANGE_LOOP_ANALYSIS = YES;
				CLANG_WARN_STRICT_PROTOTYPES = YES;
				CLANG_WARN_SUSPICIOUS_MOVE = YES;
				CLANG_WARN_UNGUARDED_AVAILABILITY = YES_AGGRESSIVE;
				CLANG_WARN_UNREACHABLE_CODE = YES;
				CLANG_WARN__DUPLICATE_METHOD_MATCH = YES;
				COPY_PHASE_STRIP = NO;
				DEBUG_INFORMATION_FORMAT = dwarf;
				ENABLE_STRICT_OBJC_MSGSEND = YES;
				ENABLE_TESTABILITY = YES;
				GCC_C_LANGUAGE_STANDARD = gnu11;
				GCC_DYNAMIC_NO_PIC = NO;
				GCC_NO_COMMON_BLOCKS = YES;
				GCC_OPTIMIZATION_LEVEL = 0;
				GCC_PREPROCESSOR_DEFINITIONS = (
					"DEBUG=1",
					"$(inherited)",
				);
				GCC_WARN_64_TO_32_BIT_CONVERSION = YES;
				GCC_WARN_ABOUT_RETURN_TYPE = YES_ERROR;
				GCC_WARN_UNDECLARED_SELECTOR = YES;
				GCC_WARN_UNINITIALIZED_AUTOS = YES_AGGRESSIVE;
				GCC_WARN_UNUSED_FUNCTION = YES;
				GCC_WARN_UNUSED_VARIABLE = YES;
				IPHONEOS_DEPLOYMENT_TARGET = 14.5;
				MTL_ENABLE_DEBUG_INFO = INCLUDE_SOURCE;
				MTL_FAST_MATH = YES;
				ONLY_ACTIVE_ARCH = YES;
				SDKROOT = iphoneos;
				SWIFT_ACTIVE_COMPILATION_CONDITIONS = DEBUG;
				SWIFT_OPTIMIZATION_LEVEL = "-Onone";
			};
			name = Debug;
		};
		405C9DB726579CFB00C33809 /* Release */ = {
			isa = XCBuildConfiguration;
			buildSettings = {
				ALWAYS_SEARCH_USER_PATHS = NO;
				CLANG_ANALYZER_NONNULL = YES;
				CLANG_ANALYZER_NUMBER_OBJECT_CONVERSION = YES_AGGRESSIVE;
				CLANG_CXX_LANGUAGE_STANDARD = "gnu++14";
				CLANG_CXX_LIBRARY = "libc++";
				CLANG_ENABLE_MODULES = YES;
				CLANG_ENABLE_OBJC_ARC = YES;
				CLANG_ENABLE_OBJC_WEAK = YES;
				CLANG_WARN_BLOCK_CAPTURE_AUTORELEASING = YES;
				CLANG_WARN_BOOL_CONVERSION = YES;
				CLANG_WARN_COMMA = YES;
				CLANG_WARN_CONSTANT_CONVERSION = YES;
				CLANG_WARN_DEPRECATED_OBJC_IMPLEMENTATIONS = YES;
				CLANG_WARN_DIRECT_OBJC_ISA_USAGE = YES_ERROR;
				CLANG_WARN_DOCUMENTATION_COMMENTS = YES;
				CLANG_WARN_EMPTY_BODY = YES;
				CLANG_WARN_ENUM_CONVERSION = YES;
				CLANG_WARN_INFINITE_RECURSION = YES;
				CLANG_WARN_INT_CONVERSION = YES;
				CLANG_WARN_NON_LITERAL_NULL_CONVERSION = YES;
				CLANG_WARN_OBJC_IMPLICIT_RETAIN_SELF = YES;
				CLANG_WARN_OBJC_LITERAL_CONVERSION = YES;
				CLANG_WARN_OBJC_ROOT_CLASS = YES_ERROR;
				CLANG_WARN_QUOTED_INCLUDE_IN_FRAMEWORK_HEADER = YES;
				CLANG_WARN_RANGE_LOOP_ANALYSIS = YES;
				CLANG_WARN_STRICT_PROTOTYPES = YES;
				CLANG_WARN_SUSPICIOUS_MOVE = YES;
				CLANG_WARN_UNGUARDED_AVAILABILITY = YES_AGGRESSIVE;
				CLANG_WARN_UNREACHABLE_CODE = YES;
				CLANG_WARN__DUPLICATE_METHOD_MATCH = YES;
				COPY_PHASE_STRIP = NO;
				DEBUG_INFORMATION_FORMAT = "dwarf-with-dsym";
				ENABLE_NS_ASSERTIONS = NO;
				ENABLE_STRICT_OBJC_MSGSEND = YES;
				GCC_C_LANGUAGE_STANDARD = gnu11;
				GCC_NO_COMMON_BLOCKS = YES;
				GCC_WARN_64_TO_32_BIT_CONVERSION = YES;
				GCC_WARN_ABOUT_RETURN_TYPE = YES_ERROR;
				GCC_WARN_UNDECLARED_SELECTOR = YES;
				GCC_WARN_UNINITIALIZED_AUTOS = YES_AGGRESSIVE;
				GCC_WARN_UNUSED_FUNCTION = YES;
				GCC_WARN_UNUSED_VARIABLE = YES;
				IPHONEOS_DEPLOYMENT_TARGET = 14.5;
				MTL_ENABLE_DEBUG_INFO = NO;
				MTL_FAST_MATH = YES;
				SDKROOT = iphoneos;
				SWIFT_COMPILATION_MODE = wholemodule;
				SWIFT_OPTIMIZATION_LEVEL = "-O";
				VALIDATE_PRODUCT = YES;
			};
			name = Release;
		};
		405C9DB926579CFB00C33809 /* Debug */ = {
			isa = XCBuildConfiguration;
			baseConfigurationReference = 3040F9A331C9E614DF159B49 /* Pods-SwinjectReactorKitExample.debug.xcconfig */;
			buildSettings = {
				ASSETCATALOG_COMPILER_APPICON_NAME = AppIcon;
				ASSETCATALOG_COMPILER_GLOBAL_ACCENT_COLOR_NAME = AccentColor;
				CODE_SIGN_STYLE = Automatic;
				DEVELOPMENT_TEAM = P25P5JJVFC;
				INFOPLIST_FILE = SwinjectReactorKitExample/Supporting/Info.plist;
				LD_RUNPATH_SEARCH_PATHS = (
					"$(inherited)",
					"@executable_path/Frameworks",
				);
				PRODUCT_BUNDLE_IDENTIFIER = com.havi.SwinjectReactorKitExample;
				PRODUCT_NAME = "$(TARGET_NAME)";
				SWIFT_VERSION = 5.0;
				TARGETED_DEVICE_FAMILY = "1,2";
			};
			name = Debug;
		};
		405C9DBA26579CFB00C33809 /* Release */ = {
			isa = XCBuildConfiguration;
			baseConfigurationReference = 0183C99096282D8C5194C691 /* Pods-SwinjectReactorKitExample.release.xcconfig */;
			buildSettings = {
				ASSETCATALOG_COMPILER_APPICON_NAME = AppIcon;
				ASSETCATALOG_COMPILER_GLOBAL_ACCENT_COLOR_NAME = AccentColor;
				CODE_SIGN_STYLE = Automatic;
				DEVELOPMENT_TEAM = P25P5JJVFC;
				INFOPLIST_FILE = SwinjectReactorKitExample/Supporting/Info.plist;
				LD_RUNPATH_SEARCH_PATHS = (
					"$(inherited)",
					"@executable_path/Frameworks",
				);
				PRODUCT_BUNDLE_IDENTIFIER = com.havi.SwinjectReactorKitExample;
				PRODUCT_NAME = "$(TARGET_NAME)";
				SWIFT_VERSION = 5.0;
				TARGETED_DEVICE_FAMILY = "1,2";
			};
			name = Release;
		};
		405C9DBC26579CFB00C33809 /* Debug */ = {
			isa = XCBuildConfiguration;
			baseConfigurationReference = 22A27F57CEDCD078A2D08E1F /* Pods-SwinjectReactorKitExampleTests.debug.xcconfig */;
			buildSettings = {
				ALWAYS_EMBED_SWIFT_STANDARD_LIBRARIES = YES;
				BUNDLE_LOADER = "$(TEST_HOST)";
				CODE_SIGN_STYLE = Automatic;
				DEVELOPMENT_TEAM = P25P5JJVFC;
				INFOPLIST_FILE = SwinjectReactorKitExampleTests/Info.plist;
				IPHONEOS_DEPLOYMENT_TARGET = 14.5;
				LD_RUNPATH_SEARCH_PATHS = (
					"$(inherited)",
					"@executable_path/Frameworks",
					"@loader_path/Frameworks",
				);
				PRODUCT_BUNDLE_IDENTIFIER = com.havi.SwinjectReactorKitExampleTests;
				PRODUCT_NAME = "$(TARGET_NAME)";
				SWIFT_VERSION = 5.0;
				TARGETED_DEVICE_FAMILY = "1,2";
				TEST_HOST = "$(BUILT_PRODUCTS_DIR)/SwinjectReactorKitExample.app/SwinjectReactorKitExample";
			};
			name = Debug;
		};
		405C9DBD26579CFB00C33809 /* Release */ = {
			isa = XCBuildConfiguration;
			baseConfigurationReference = A4ED93C563C3F5F6B76C65B6 /* Pods-SwinjectReactorKitExampleTests.release.xcconfig */;
			buildSettings = {
				ALWAYS_EMBED_SWIFT_STANDARD_LIBRARIES = YES;
				BUNDLE_LOADER = "$(TEST_HOST)";
				CODE_SIGN_STYLE = Automatic;
				DEVELOPMENT_TEAM = P25P5JJVFC;
				INFOPLIST_FILE = SwinjectReactorKitExampleTests/Info.plist;
				IPHONEOS_DEPLOYMENT_TARGET = 14.5;
				LD_RUNPATH_SEARCH_PATHS = (
					"$(inherited)",
					"@executable_path/Frameworks",
					"@loader_path/Frameworks",
				);
				PRODUCT_BUNDLE_IDENTIFIER = com.havi.SwinjectReactorKitExampleTests;
				PRODUCT_NAME = "$(TARGET_NAME)";
				SWIFT_VERSION = 5.0;
				TARGETED_DEVICE_FAMILY = "1,2";
				TEST_HOST = "$(BUILT_PRODUCTS_DIR)/SwinjectReactorKitExample.app/SwinjectReactorKitExample";
			};
			name = Release;
		};
		405C9DBF26579CFB00C33809 /* Debug */ = {
			isa = XCBuildConfiguration;
			baseConfigurationReference = 5D4C3BDE8DCED8D44BC70862 /* Pods-SwinjectReactorKitExample-SwinjectReactorKitExampleUITests.debug.xcconfig */;
			buildSettings = {
				ALWAYS_EMBED_SWIFT_STANDARD_LIBRARIES = YES;
				CODE_SIGN_STYLE = Automatic;
				DEVELOPMENT_TEAM = P25P5JJVFC;
				INFOPLIST_FILE = SwinjectReactorKitExampleUITests/Info.plist;
				LD_RUNPATH_SEARCH_PATHS = (
					"$(inherited)",
					"@executable_path/Frameworks",
					"@loader_path/Frameworks",
				);
				PRODUCT_BUNDLE_IDENTIFIER = com.havi.SwinjectReactorKitExampleUITests;
				PRODUCT_NAME = "$(TARGET_NAME)";
				SWIFT_VERSION = 5.0;
				TARGETED_DEVICE_FAMILY = "1,2";
				TEST_TARGET_NAME = SwinjectReactorKitExample;
			};
			name = Debug;
		};
		405C9DC026579CFB00C33809 /* Release */ = {
			isa = XCBuildConfiguration;
			baseConfigurationReference = 032743274D40F1F903C6E719 /* Pods-SwinjectReactorKitExample-SwinjectReactorKitExampleUITests.release.xcconfig */;
			buildSettings = {
				ALWAYS_EMBED_SWIFT_STANDARD_LIBRARIES = YES;
				CODE_SIGN_STYLE = Automatic;
				DEVELOPMENT_TEAM = P25P5JJVFC;
				INFOPLIST_FILE = SwinjectReactorKitExampleUITests/Info.plist;
				LD_RUNPATH_SEARCH_PATHS = (
					"$(inherited)",
					"@executable_path/Frameworks",
					"@loader_path/Frameworks",
				);
				PRODUCT_BUNDLE_IDENTIFIER = com.havi.SwinjectReactorKitExampleUITests;
				PRODUCT_NAME = "$(TARGET_NAME)";
				SWIFT_VERSION = 5.0;
				TARGETED_DEVICE_FAMILY = "1,2";
				TEST_TARGET_NAME = SwinjectReactorKitExample;
			};
			name = Release;
		};
/* End XCBuildConfiguration section */

/* Begin XCConfigurationList section */
		405C9D8926579CFA00C33809 /* Build configuration list for PBXProject "SwinjectReactorKitExample" */ = {
			isa = XCConfigurationList;
			buildConfigurations = (
				405C9DB626579CFB00C33809 /* Debug */,
				405C9DB726579CFB00C33809 /* Release */,
			);
			defaultConfigurationIsVisible = 0;
			defaultConfigurationName = Release;
		};
		405C9DB826579CFB00C33809 /* Build configuration list for PBXNativeTarget "SwinjectReactorKitExample" */ = {
			isa = XCConfigurationList;
			buildConfigurations = (
				405C9DB926579CFB00C33809 /* Debug */,
				405C9DBA26579CFB00C33809 /* Release */,
			);
			defaultConfigurationIsVisible = 0;
			defaultConfigurationName = Release;
		};
		405C9DBB26579CFB00C33809 /* Build configuration list for PBXNativeTarget "SwinjectReactorKitExampleTests" */ = {
			isa = XCConfigurationList;
			buildConfigurations = (
				405C9DBC26579CFB00C33809 /* Debug */,
				405C9DBD26579CFB00C33809 /* Release */,
			);
			defaultConfigurationIsVisible = 0;
			defaultConfigurationName = Release;
		};
		405C9DBE26579CFB00C33809 /* Build configuration list for PBXNativeTarget "SwinjectReactorKitExampleUITests" */ = {
			isa = XCConfigurationList;
			buildConfigurations = (
				405C9DBF26579CFB00C33809 /* Debug */,
				405C9DC026579CFB00C33809 /* Release */,
			);
			defaultConfigurationIsVisible = 0;
			defaultConfigurationName = Release;
		};
/* End XCConfigurationList section */
	};
	rootObject = 405C9D8626579CFA00C33809 /* Project object */;
}
